
Microsoft Visual Studio Solution File, Format Version 12.00
# Visual Studio Version 17
VisualStudioVersion = 17.9.34728.123
MinimumVisualStudioVersion = 10.0.40219.1
Project("{FAE04EC0-301F-11D3-BF4B-00C04F79EFBC}") = "CriarPDF", "CriarPDF.csproj", "{837A307C-F3BF-4981-997B-4BE1AEA80ACB}"
EndProject
Global
	GlobalSection(SolutionConfigurationPlatforms) = preSolution
		Debug|Any CPU = Debug|Any CPU
		Release|Any CPU = Release|Any CPU
	EndGlobalSection
	GlobalSection(ProjectConfigurationPlatforms) = postSolution
		{837A307C-F3BF-4981-997B-4BE1AEA80ACB}.Debug|Any CPU.ActiveCfg = Debug|Any CPU
		{837A307C-F3BF-4981-997B-4BE1AEA80ACB}.Debug|Any CPU.Build.0 = Debug|Any CPU
		{837A307C-F3BF-4981-997B-4BE1AEA80ACB}.Release|Any CPU.ActiveCfg = Release|Any CPU
		{837A307C-F3BF-4981-997B-4BE1AEA80ACB}.Release|Any CPU.Build.0 = Release|Any CPU
	EndGlobalSection
	GlobalSection(SolutionProperties) = preSolution
		HideSolutionNode = FALSE
	EndGlobalSection
	GlobalSection(ExtensibilityGlobals) = postSolution
		SolutionGuid = {F841D184-6E05-4798-BB7D-1C47DA7DB336}
	EndGlobalSection
EndGlobal
